// !$*UTF8*$!
{
	archiveVersion = 1;
	classes = {
	};
	objectVersion = 77;
	objects = {

/* Begin PBXContainerItemProxy section */
		825665FE2CF9B573002F9214 /* PBXContainerItemProxy */ = {
			isa = PBXContainerItemProxy;
			containerPortal = 825665E52CF9B571002F9214 /* Project object */;
			proxyType = 1;
			remoteGlobalIDString = 825665EC2CF9B571002F9214;
			remoteInfo = CustomTabBarWithPopupMenu;
		};
		825666082CF9B573002F9214 /* PBXContainerItemProxy */ = {
			isa = PBXContainerItemProxy;
			containerPortal = 825665E52CF9B571002F9214 /* Project object */;
			proxyType = 1;
			remoteGlobalIDString = 825665EC2CF9B571002F9214;
			remoteInfo = CustomTabBarWithPopupMenu;
		};
/* End PBXContainerItemProxy section */

/* Begin PBXFileReference section */
		825665ED2CF9B571002F9214 /* CustomTabBarWithPopupMenu.app */ = {isa = PBXFileReference; explicitFileType = wrapper.application; includeInIndex = 0; path = CustomTabBarWithPopupMenu.app; sourceTree = BUILT_PRODUCTS_DIR; };
		825665FD2CF9B573002F9214 /* CustomTabBarWithPopupMenuTests.xctest */ = {isa = PBXFileReference; explicitFileType = wrapper.cfbundle; includeInIndex = 0; path = CustomTabBarWithPopupMenuTests.xctest; sourceTree = BUILT_PRODUCTS_DIR; };
		825666072CF9B573002F9214 /* CustomTabBarWithPopupMenuUITests.xctest */ = {isa = PBXFileReference; explicitFileType = wrapper.cfbundle; includeInIndex = 0; path = CustomTabBarWithPopupMenuUITests.xctest; sourceTree = BUILT_PRODUCTS_DIR; };
/* End PBXFileReference section */

/* Begin PBXFileSystemSynchronizedRootGroup section */
		825665EF2CF9B571002F9214 /* CustomTabBarWithPopupMenu */ = {
			isa = PBXFileSystemSynchronizedRootGroup;
			path = CustomTabBarWithPopupMenu;
			sourceTree = "<group>";
		};
		825666002CF9B573002F9214 /* CustomTabBarWithPopupMenuTests */ = {
			isa = PBXFileSystemSynchronizedRootGroup;
			path = CustomTabBarWithPopupMenuTests;
			sourceTree = "<group>";
		};
		8256660A2CF9B573002F9214 /* CustomTabBarWithPopupMenuUITests */ = {
			isa = PBXFileSystemSynchronizedRootGroup;
			path = CustomTabBarWithPopupMenuUITests;
			sourceTree = "<group>";
		};
/* End PBXFileSystemSynchronizedRootGroup section */

/* Begin PBXFrameworksBuildPhase section */
		825665EA2CF9B571002F9214 /* Frameworks */ = {
			isa = PBXFrameworksBuildPhase;
			buildActionMask = 2147483647;
			files = (
			);
			runOnlyForDeploymentPostprocessing = 0;
		};
		825665FA2CF9B573002F9214 /* Frameworks */ = {
			isa = PBXFrameworksBuildPhase;
			buildActionMask = 2147483647;
			files = (
			);
			runOnlyForDeploymentPostprocessing = 0;
		};
		825666042CF9B573002F9214 /* Frameworks */ = {
			isa = PBXFrameworksBuildPhase;
			buildActionMask = 2147483647;
			files = (
			);
			runOnlyForDeploymentPostprocessing = 0;
		};
/* End PBXFrameworksBuildPhase section */

/* Begin PBXGroup section */
		825665E42CF9B571002F9214 = {
			isa = PBXGroup;
			children = (
				825665EF2CF9B571002F9214 /* CustomTabBarWithPopupMenu */,
				825666002CF9B573002F9214 /* CustomTabBarWithPopupMenuTests */,
				8256660A2CF9B573002F9214 /* CustomTabBarWithPopupMenuUITests */,
				825665EE2CF9B571002F9214 /* Products */,
			);
			sourceTree = "<group>";
		};
		825665EE2CF9B571002F9214 /* Products */ = {
			isa = PBXGroup;
			children = (
				825665ED2CF9B571002F9214 /* CustomTabBarWithPopupMenu.app */,
				825665FD2CF9B573002F9214 /* CustomTabBarWithPopupMenuTests.xctest */,
				825666072CF9B573002F9214 /* CustomTabBarWithPopupMenuUITests.xctest */,
			);
			name = Products;
			sourceTree = "<group>";
		};
/* End PBXGroup section */

/* Begin PBXNativeTarget section */
		825665EC2CF9B571002F9214 /* CustomTabBarWithPopupMenu */ = {
			isa = PBXNativeTarget;
			buildConfigurationList = 825666112CF9B573002F9214 /* Build configuration list for PBXNativeTarget "CustomTabBarWithPopupMenu" */;
			buildPhases = (
				825665E92CF9B571002F9214 /* Sources */,
				825665EA2CF9B571002F9214 /* Frameworks */,
				825665EB2CF9B571002F9214 /* Resources */,
			);
			buildRules = (
			);
			dependencies = (
			);
			fileSystemSynchronizedGroups = (
				825665EF2CF9B571002F9214 /* CustomTabBarWithPopupMenu */,
			);
			name = CustomTabBarWithPopupMenu;
			packageProductDependencies = (
			);
			productName = CustomTabBarWithPopupMenu;
			productReference = 825665ED2CF9B571002F9214 /* CustomTabBarWithPopupMenu.app */;
			productType = "com.apple.product-type.application";
		};
		825665FC2CF9B573002F9214 /* CustomTabBarWithPopupMenuTests */ = {
			isa = PBXNativeTarget;
			buildConfigurationList = 825666142CF9B573002F9214 /* Build configuration list for PBXNativeTarget "CustomTabBarWithPopupMenuTests" */;
			buildPhases = (
				825665F92CF9B573002F9214 /* Sources */,
				825665FA2CF9B573002F9214 /* Frameworks */,
				825665FB2CF9B573002F9214 /* Resources */,
			);
			buildRules = (
			);
			dependencies = (
				825665FF2CF9B573002F9214 /* PBXTargetDependency */,
			);
			fileSystemSynchronizedGroups = (
				825666002CF9B573002F9214 /* CustomTabBarWithPopupMenuTests */,
			);
			name = CustomTabBarWithPopupMenuTests;
			packageProductDependencies = (
			);
			productName = CustomTabBarWithPopupMenuTests;
			productReference = 825665FD2CF9B573002F9214 /* CustomTabBarWithPopupMenuTests.xctest */;
			productType = "com.apple.product-type.bundle.unit-test";
		};
		825666062CF9B573002F9214 /* CustomTabBarWithPopupMenuUITests */ = {
			isa = PBXNativeTarget;
			buildConfigurationList = 825666172CF9B573002F9214 /* Build configuration list for PBXNativeTarget "CustomTabBarWithPopupMenuUITests" */;
			buildPhases = (
				825666032CF9B573002F9214 /* Sources */,
				825666042CF9B573002F9214 /* Frameworks */,
				825666052CF9B573002F9214 /* Resources */,
			);
			buildRules = (
			);
			dependencies = (
				825666092CF9B573002F9214 /* PBXTargetDependency */,
			);
			fileSystemSynchronizedGroups = (
				8256660A2CF9B573002F9214 /* CustomTabBarWithPopupMenuUITests */,
			);
			name = CustomTabBarWithPopupMenuUITests;
			packageProductDependencies = (
			);
			productName = CustomTabBarWithPopupMenuUITests;
			productReference = 825666072CF9B573002F9214 /* CustomTabBarWithPopupMenuUITests.xctest */;
			productType = "com.apple.product-type.bundle.ui-testing";
		};
/* End PBXNativeTarget section */

/* Begin PBXProject section */
		825665E52CF9B571002F9214 /* Project object */ = {
			isa = PBXProject;
			attributes = {
				BuildIndependentTargetsInParallel = 1;
				LastSwiftUpdateCheck = 1600;
				LastUpgradeCheck = 1600;
				TargetAttributes = {
					825665EC2CF9B571002F9214 = {
						CreatedOnToolsVersion = 16.0;
					};
					825665FC2CF9B573002F9214 = {
						CreatedOnToolsVersion = 16.0;
						TestTargetID = 825665EC2CF9B571002F9214;
					};
					825666062CF9B573002F9214 = {
						CreatedOnToolsVersion = 16.0;
						TestTargetID = 825665EC2CF9B571002F9214;
					};
				};
			};
			buildConfigurationList = 825665E82CF9B571002F9214 /* Build configuration list for PBXProject "CustomTabBarWithPopupMenu" */;
			developmentRegion = en;
			hasScannedForEncodings = 0;
			knownRegions = (
				en,
				Base,
			);
			mainGroup = 825665E42CF9B571002F9214;
			minimizedProjectReferenceProxies = 1;
			preferredProjectObjectVersion = 77;
			productRefGroup = 825665EE2CF9B571002F9214 /* Products */;
			projectDirPath = "";
			projectRoot = "";
			targets = (
				825665EC2CF9B571002F9214 /* CustomTabBarWithPopupMenu */,
				825665FC2CF9B573002F9214 /* CustomTabBarWithPopupMenuTests */,
				825666062CF9B573002F9214 /* CustomTabBarWithPopupMenuUITests */,
			);
		};
/* End PBXProject section */

/* Begin PBXResourcesBuildPhase section */
		825665EB2CF9B571002F9214 /* Resources */ = {
			isa = PBXResourcesBuildPhase;
			buildActionMask = 2147483647;
			files = (
			);
			runOnlyForDeploymentPostprocessing = 0;
		};
		825665FB2CF9B573002F9214 /* Resources */ = {
			isa = PBXResourcesBuildPhase;
			buildActionMask = 2147483647;
			files = (
			);
			runOnlyForDeploymentPostprocessing = 0;
		};
		825666052CF9B573002F9214 /* Resources */ = {
			isa = PBXResourcesBuildPhase;
			buildActionMask = 2147483647;
			files = (
			);
			runOnlyForDeploymentPostprocessing = 0;
		};
/* End PBXResourcesBuildPhase section */

/* Begin PBXSourcesBuildPhase section */
		825665E92CF9B571002F9214 /* Sources */ = {
			isa = PBXSourcesBuildPhase;
			buildActionMask = 2147483647;
			files = (
			);
			runOnlyForDeploymentPostprocessing = 0;
		};
		825665F92CF9B573002F9214 /* Sources */ = {
			isa = PBXSourcesBuildPhase;
			buildActionMask = 2147483647;
			files = (
			);
			runOnlyForDeploymentPostprocessing = 0;
		};
		825666032CF9B573002F9214 /* Sources */ = {
			isa = PBXSourcesBuildPhase;
			buildActionMask = 2147483647;
			files = (
			);
			runOnlyForDeploymentPostprocessing = 0;
		};
/* End PBXSourcesBuildPhase section */

/* Begin PBXTargetDependency section */
		825665FF2CF9B573002F9214 /* PBXTargetDependency */ = {
			isa = PBXTargetDependency;
			target = 825665EC2CF9B571002F9214 /* CustomTabBarWithPopupMenu */;
			targetProxy = 825665FE2CF9B573002F9214 /* PBXContainerItemProxy */;
		};
		825666092CF9B573002F9214 /* PBXTargetDependency */ = {
			isa = PBXTargetDependency;
			target = 825665EC2CF9B571002F9214 /* CustomTabBarWithPopupMenu */;
			targetProxy = 825666082CF9B573002F9214 /* PBXContainerItemProxy */;
		};
/* End PBXTargetDependency section */

/* Begin XCBuildConfiguration section */
		8256660F2CF9B573002F9214 /* Debug */ = {
			isa = XCBuildConfiguration;
			buildSettings = {
				ALWAYS_SEARCH_USER_PATHS = NO;
				ASSETCATALOG_COMPILER_GENERATE_SWIFT_ASSET_SYMBOL_EXTENSIONS = YES;
				CLANG_ANALYZER_NONNULL = YES;
				CLANG_ANALYZER_NUMBER_OBJECT_CONVERSION = YES_AGGRESSIVE;
				CLANG_CXX_LANGUAGE_STANDARD = "gnu++20";
				CLANG_ENABLE_MODULES = YES;
				CLANG_ENABLE_OBJC_ARC = YES;
				CLANG_ENABLE_OBJC_WEAK = YES;
				CLANG_WARN_BLOCK_CAPTURE_AUTORELEASING = YES;
				CLANG_WARN_BOOL_CONVERSION = YES;
				CLANG_WARN_COMMA = YES;
				CLANG_WARN_CONSTANT_CONVERSION = YES;
				CLANG_WARN_DEPRECATED_OBJC_IMPLEMENTATIONS = YES;
				CLANG_WARN_DIRECT_OBJC_ISA_USAGE = YES_ERROR;
				CLANG_WARN_DOCUMENTATION_COMMENTS = YES;
				CLANG_WARN_EMPTY_BODY = YES;
				CLANG_WARN_ENUM_CONVERSION = YES;
				CLANG_WARN_INFINITE_RECURSION = YES;
				CLANG_WARN_INT_CONVERSION = YES;
				CLANG_WARN_NON_LITERAL_NULL_CONVERSION = YES;
				CLANG_WARN_OBJC_IMPLICIT_RETAIN_SELF = YES;
				CLANG_WARN_OBJC_LITERAL_CONVERSION = YES;
				CLANG_WARN_OBJC_ROOT_CLASS = YES_ERROR;
				CLANG_WARN_QUOTED_INCLUDE_IN_FRAMEWORK_HEADER = YES;
				CLANG_WARN_RANGE_LOOP_ANALYSIS = YES;
				CLANG_WARN_STRICT_PROTOTYPES = YES;
				CLANG_WARN_SUSPICIOUS_MOVE = YES;
				CLANG_WARN_UNGUARDED_AVAILABILITY = YES_AGGRESSIVE;
				CLANG_WARN_UNREACHABLE_CODE = YES;
				CLANG_WARN__DUPLICATE_METHOD_MATCH = YES;
				COPY_PHASE_STRIP = NO;
				DEBUG_INFORMATION_FORMAT = dwarf;
				ENABLE_STRICT_OBJC_MSGSEND = YES;
				ENABLE_TESTABILITY = YES;
				ENABLE_USER_SCRIPT_SANDBOXING = YES;
				GCC_C_LANGUAGE_STANDARD = gnu17;
				GCC_DYNAMIC_NO_PIC = NO;
				GCC_NO_COMMON_BLOCKS = YES;
				GCC_OPTIMIZATION_LEVEL = 0;
				GCC_PREPROCESSOR_DEFINITIONS = (
					"DEBUG=1",
					"$(inherited)",
				);
				GCC_WARN_64_TO_32_BIT_CONVERSION = YES;
				GCC_WARN_ABOUT_RETURN_TYPE = YES_ERROR;
				GCC_WARN_UNDECLARED_SELECTOR = YES;
				GCC_WARN_UNINITIALIZED_AUTOS = YES_AGGRESSIVE;
				GCC_WARN_UNUSED_FUNCTION = YES;
				GCC_WARN_UNUSED_VARIABLE = YES;
				IPHONEOS_DEPLOYMENT_TARGET = 18.0;
				LOCALIZATION_PREFERS_STRING_CATALOGS = YES;
				MTL_ENABLE_DEBUG_INFO = INCLUDE_SOURCE;
				MTL_FAST_MATH = YES;
				ONLY_ACTIVE_ARCH = YES;
				SDKROOT = iphoneos;
				SWIFT_ACTIVE_COMPILATION_CONDITIONS = "DEBUG $(inherited)";
				SWIFT_OPTIMIZATION_LEVEL = "-Onone";
			};
			name = Debug;
		};
		825666102CF9B573002F9214 /* Release */ = {
			isa = XCBuildConfiguration;
			buildSettings = {
				ALWAYS_SEARCH_USER_PATHS = NO;
				ASSETCATALOG_COMPILER_GENERATE_SWIFT_ASSET_SYMBOL_EXTENSIONS = YES;
				CLANG_ANALYZER_NONNULL = YES;
				CLANG_ANALYZER_NUMBER_OBJECT_CONVERSION = YES_AGGRESSIVE;
				CLANG_CXX_LANGUAGE_STANDARD = "gnu++20";
				CLANG_ENABLE_MODULES = YES;
				CLANG_ENABLE_OBJC_ARC = YES;
				CLANG_ENABLE_OBJC_WEAK = YES;
				CLANG_WARN_BLOCK_CAPTURE_AUTORELEASING = YES;
				CLANG_WARN_BOOL_CONVERSION = YES;
				CLANG_WARN_COMMA = YES;
				CLANG_WARN_CONSTANT_CONVERSION = YES;
				CLANG_WARN_DEPRECATED_OBJC_IMPLEMENTATIONS = YES;
				CLANG_WARN_DIRECT_OBJC_ISA_USAGE = YES_ERROR;
				CLANG_WARN_DOCUMENTATION_COMMENTS = YES;
				CLANG_WARN_EMPTY_BODY = YES;
				CLANG_WARN_ENUM_CONVERSION = YES;
				CLANG_WARN_INFINITE_RECURSION = YES;
				CLANG_WARN_INT_CONVERSION = YES;
				CLANG_WARN_NON_LITERAL_NULL_CONVERSION = YES;
				CLANG_WARN_OBJC_IMPLICIT_RETAIN_SELF = YES;
				CLANG_WARN_OBJC_LITERAL_CONVERSION = YES;
				CLANG_WARN_OBJC_ROOT_CLASS = YES_ERROR;
				CLANG_WARN_QUOTED_INCLUDE_IN_FRAMEWORK_HEADER = YES;
				CLANG_WARN_RANGE_LOOP_ANALYSIS = YES;
				CLANG_WARN_STRICT_PROTOTYPES = YES;
				CLANG_WARN_SUSPICIOUS_MOVE = YES;
				CLANG_WARN_UNGUARDED_AVAILABILITY = YES_AGGRESSIVE;
				CLANG_WARN_UNREACHABLE_CODE = YES;
				CLANG_WARN__DUPLICATE_METHOD_MATCH = YES;
				COPY_PHASE_STRIP = NO;
				DEBUG_INFORMATION_FORMAT = "dwarf-with-dsym";
				ENABLE_NS_ASSERTIONS = NO;
				ENABLE_STRICT_OBJC_MSGSEND = YES;
				ENABLE_USER_SCRIPT_SANDBOXING = YES;
				GCC_C_LANGUAGE_STANDARD = gnu17;
				GCC_NO_COMMON_BLOCKS = YES;
				GCC_WARN_64_TO_32_BIT_CONVERSION = YES;
				GCC_WARN_ABOUT_RETURN_TYPE = YES_ERROR;
				GCC_WARN_UNDECLARED_SELECTOR = YES;
				GCC_WARN_UNINITIALIZED_AUTOS = YES_AGGRESSIVE;
				GCC_WARN_UNUSED_FUNCTION = YES;
				GCC_WARN_UNUSED_VARIABLE = YES;
				IPHONEOS_DEPLOYMENT_TARGET = 18.0;
				LOCALIZATION_PREFERS_STRING_CATALOGS = YES;
				MTL_ENABLE_DEBUG_INFO = NO;
				MTL_FAST_MATH = YES;
				SDKROOT = iphoneos;
				SWIFT_COMPILATION_MODE = wholemodule;
				VALIDATE_PRODUCT = YES;
			};
			name = Release;
		};
		825666122CF9B573002F9214 /* Debug */ = {
			isa = XCBuildConfiguration;
			buildSettings = {
				ASSETCATALOG_COMPILER_APPICON_NAME = AppIcon;
				ASSETCATALOG_COMPILER_GLOBAL_ACCENT_COLOR_NAME = AccentColor;
				CODE_SIGN_STYLE = Automatic;
				CURRENT_PROJECT_VERSION = 1;
				DEVELOPMENT_ASSET_PATHS = "\"CustomTabBarWithPopupMenu/Preview Content\"";
				DEVELOPMENT_TEAM = JX6SJ93FPN;
				ENABLE_PREVIEWS = YES;
				GENERATE_INFOPLIST_FILE = YES;
				INFOPLIST_KEY_UIApplicationSceneManifest_Generation = YES;
				INFOPLIST_KEY_UIApplicationSupportsIndirectInputEvents = YES;
				INFOPLIST_KEY_UILaunchScreen_Generation = YES;
				INFOPLIST_KEY_UISupportedInterfaceOrientations_iPad = "UIInterfaceOrientationPortrait UIInterfaceOrientationPortraitUpsideDown UIInterfaceOrientationLandscapeLeft UIInterfaceOrientationLandscapeRight";
				INFOPLIST_KEY_UISupportedInterfaceOrientations_iPhone = "UIInterfaceOrientationPortrait UIInterfaceOrientationLandscapeLeft UIInterfaceOrientationLandscapeRight";
				LD_RUNPATH_SEARCH_PATHS = (
					"$(inherited)",
					"@executable_path/Frameworks",
				);
				MARKETING_VERSION = 1.0;
				PRODUCT_BUNDLE_IDENTIFIER = com.desap.CustomTabBarWithPopupMenu;
				PRODUCT_NAME = "$(TARGET_NAME)";
				SWIFT_EMIT_LOC_STRINGS = YES;
				SWIFT_VERSION = 5.0;
				TARGETED_DEVICE_FAMILY = "1,2";
			};
			name = Debug;
		};
		825666132CF9B573002F9214 /* Release */ = {
			isa = XCBuildConfiguration;
			buildSettings = {
				ASSETCATALOG_COMPILER_APPICON_NAME = AppIcon;
				ASSETCATALOG_COMPILER_GLOBAL_ACCENT_COLOR_NAME = AccentColor;
				CODE_SIGN_STYLE = Automatic;
				CURRENT_PROJECT_VERSION = 1;
				DEVELOPMENT_ASSET_PATHS = "\"CustomTabBarWithPopupMenu/Preview Content\"";
				DEVELOPMENT_TEAM = JX6SJ93FPN;
				ENABLE_PREVIEWS = YES;
				GENERATE_INFOPLIST_FILE = YES;
				INFOPLIST_KEY_UIApplicationSceneManifest_Generation = YES;
				INFOPLIST_KEY_UIApplicationSupportsIndirectInputEvents = YES;
				INFOPLIST_KEY_UILaunchScreen_Generation = YES;
				INFOPLIST_KEY_UISupportedInterfaceOrientations_iPad = "UIInterfaceOrientationPortrait UIInterfaceOrientationPortraitUpsideDown UIInterfaceOrientationLandscapeLeft UIInterfaceOrientationLandscapeRight";
				INFOPLIST_KEY_UISupportedInterfaceOrientations_iPhone = "UIInterfaceOrientationPortrait UIInterfaceOrientationLandscapeLeft UIInterfaceOrientationLandscapeRight";
				LD_RUNPATH_SEARCH_PATHS = (
					"$(inherited)",
					"@executable_path/Frameworks",
				);
				MARKETING_VERSION = 1.0;
				PRODUCT_BUNDLE_IDENTIFIER = com.desap.CustomTabBarWithPopupMenu;
				PRODUCT_NAME = "$(TARGET_NAME)";
				SWIFT_EMIT_LOC_STRINGS = YES;
				SWIFT_VERSION = 5.0;
				TARGETED_DEVICE_FAMILY = "1,2";
			};
			name = Release;
		};
		825666152CF9B573002F9214 /* Debug */ = {
			isa = XCBuildConfiguration;
			buildSettings = {
				BUNDLE_LOADER = "$(TEST_HOST)";
				CODE_SIGN_STYLE = Automatic;
				CURRENT_PROJECT_VERSION = 1;
				DEVELOPMENT_TEAM = JX6SJ93FPN;
				GENERATE_INFOPLIST_FILE = YES;
				IPHONEOS_DEPLOYMENT_TARGET = 18.0;
				MARKETING_VERSION = 1.0;
				PRODUCT_BUNDLE_IDENTIFIER = com.desap.CustomTabBarWithPopupMenuTests;
				PRODUCT_NAME = "$(TARGET_NAME)";
				SWIFT_EMIT_LOC_STRINGS = NO;
				SWIFT_VERSION = 5.0;
				TARGETED_DEVICE_FAMILY = "1,2";
				TEST_HOST = "$(BUILT_PRODUCTS_DIR)/CustomTabBarWithPopupMenu.app/$(BUNDLE_EXECUTABLE_FOLDER_PATH)/CustomTabBarWithPopupMenu";
			};
			name = Debug;
		};
		825666162CF9B573002F9214 /* Release */ = {
			isa = XCBuildConfiguration;
			buildSettings = {
				BUNDLE_LOADER = "$(TEST_HOST)";
				CODE_SIGN_STYLE = Automatic;
				CURRENT_PROJECT_VERSION = 1;
				DEVELOPMENT_TEAM = JX6SJ93FPN;
				GENERATE_INFOPLIST_FILE = YES;
				IPHONEOS_DEPLOYMENT_TARGET = 18.0;
				MARKETING_VERSION = 1.0;
				PRODUCT_BUNDLE_IDENTIFIER = com.desap.CustomTabBarWithPopupMenuTests;
				PRODUCT_NAME = "$(TARGET_NAME)";
				SWIFT_EMIT_LOC_STRINGS = NO;
				SWIFT_VERSION = 5.0;
				TARGETED_DEVICE_FAMILY = "1,2";
				TEST_HOST = "$(BUILT_PRODUCTS_DIR)/CustomTabBarWithPopupMenu.app/$(BUNDLE_EXECUTABLE_FOLDER_PATH)/CustomTabBarWithPopupMenu";
			};
			name = Release;
		};
		825666182CF9B573002F9214 /* Debug */ = {
			isa = XCBuildConfiguration;
			buildSettings = {
				CODE_SIGN_STYLE = Automatic;
				CURRENT_PROJECT_VERSION = 1;
				DEVELOPMENT_TEAM = JX6SJ93FPN;
				GENERATE_INFOPLIST_FILE = YES;
				MARKETING_VERSION = 1.0;
				PRODUCT_BUNDLE_IDENTIFIER = com.desap.CustomTabBarWithPopupMenuUITests;
				PRODUCT_NAME = "$(TARGET_NAME)";
				SWIFT_EMIT_LOC_STRINGS = NO;
				SWIFT_VERSION = 5.0;
				TARGETED_DEVICE_FAMILY = "1,2";
				TEST_TARGET_NAME = CustomTabBarWithPopupMenu;
			};
			name = Debug;
		};
		825666192CF9B573002F9214 /* Release */ = {
			isa = XCBuildConfiguration;
			buildSettings = {
				CODE_SIGN_STYLE = Automatic;
				CURRENT_PROJECT_VERSION = 1;
				DEVELOPMENT_TEAM = JX6SJ93FPN;
				GENERATE_INFOPLIST_FILE = YES;
				MARKETING_VERSION = 1.0;
				PRODUCT_BUNDLE_IDENTIFIER = com.desap.CustomTabBarWithPopupMenuUITests;
				PRODUCT_NAME = "$(TARGET_NAME)";
				SWIFT_EMIT_LOC_STRINGS = NO;
				SWIFT_VERSION = 5.0;
				TARGETED_DEVICE_FAMILY = "1,2";
				TEST_TARGET_NAME = CustomTabBarWithPopupMenu;
			};
			name = Release;
		};
/* End XCBuildConfiguration section */

/* Begin XCConfigurationList section */
		825665E82CF9B571002F9214 /* Build configuration list for PBXProject "CustomTabBarWithPopupMenu" */ = {
			isa = XCConfigurationList;
			buildConfigurations = (
				8256660F2CF9B573002F9214 /* Debug */,
				825666102CF9B573002F9214 /* Release */,
			);
			defaultConfigurationIsVisible = 0;
			defaultConfigurationName = Release;
		};
		825666112CF9B573002F9214 /* Build configuration list for PBXNativeTarget "CustomTabBarWithPopupMenu" */ = {
			isa = XCConfigurationList;
			buildConfigurations = (
				825666122CF9B573002F9214 /* Debug */,
				825666132CF9B573002F9214 /* Release */,
			);
			defaultConfigurationIsVisible = 0;
			defaultConfigurationName = Release;
		};
		825666142CF9B573002F9214 /* Build configuration list for PBXNativeTarget "CustomTabBarWithPopupMenuTests" */ = {
			isa = XCConfigurationList;
			buildConfigurations = (
				825666152CF9B573002F9214 /* Debug */,
				825666162CF9B573002F9214 /* Release */,
			);
			defaultConfigurationIsVisible = 0;
			defaultConfigurationName = Release;
		};
		825666172CF9B573002F9214 /* Build configuration list for PBXNativeTarget "CustomTabBarWithPopupMenuUITests" */ = {
			isa = XCConfigurationList;
			buildConfigurations = (
				825666182CF9B573002F9214 /* Debug */,
				825666192CF9B573002F9214 /* Release */,
			);
			defaultConfigurationIsVisible = 0;
			defaultConfigurationName = Release;
		};
/* End XCConfigurationList section */
	};
	rootObject = 825665E52CF9B571002F9214 /* Project object */;
}
